// !$*UTF8*$!
{
	archiveVersion = 1;
	classes = {
	};
	objectVersion = 55;
	objects = {

/* Begin PBXBuildFile section */
		91F013FE26D6A05C00240432 /* AppDelegate.swift in Sources */ = {isa = PBXBuildFile; fileRef = 91F013FD26D6A05C00240432 /* AppDelegate.swift */; };
		91F0140026D6A05C00240432 /* SceneDelegate.swift in Sources */ = {isa = PBXBuildFile; fileRef = 91F013FF26D6A05C00240432 /* SceneDelegate.swift */; };
		91F0140326D6A05C00240432 /* LaunchScreen.storyboard in Resources */ = {isa = PBXBuildFile; fileRef = 91F0140126D6A05C00240432 /* LaunchScreen.storyboard */; };
		91F0140626D6A05C00240432 /* Main.storyboard in Resources */ = {isa = PBXBuildFile; fileRef = 91F0140426D6A05C00240432 /* Main.storyboard */; };
		91F0140F26D6A05C00240432 /* AppDelegate.swift in Sources */ = {isa = PBXBuildFile; fileRef = 91F0140E26D6A05C00240432 /* AppDelegate.swift */; };
		91F0141226D6A05C00240432 /* Main.storyboard in Resources */ = {isa = PBXBuildFile; fileRef = 91F0141026D6A05C00240432 /* Main.storyboard */; };
		91F0141A26D6A05C00240432 /* DisMoi Extension.appex in Embed App Extensions */ = {isa = PBXBuildFile; fileRef = 91F0141926D6A05C00240432 /* DisMoi Extension.appex */; settings = {ATTRIBUTES = (RemoveHeadersOnCopy, ); }; };
		91F0142426D6A05D00240432 /* DisMoi Extension.appex in Embed App Extensions */ = {isa = PBXBuildFile; fileRef = 91F0142326D6A05D00240432 /* DisMoi Extension.appex */; settings = {ATTRIBUTES = (RemoveHeadersOnCopy, ); }; };
		91F0142926D6A05D00240432 /* Main.html in Resources */ = {isa = PBXBuildFile; fileRef = 91F013ED26D6A05C00240432 /* Main.html */; };
		91F0142A26D6A05D00240432 /* Main.html in Resources */ = {isa = PBXBuildFile; fileRef = 91F013ED26D6A05C00240432 /* Main.html */; };
		91F0142B26D6A05D00240432 /* Icon.png in Resources */ = {isa = PBXBuildFile; fileRef = 91F013EF26D6A05C00240432 /* Icon.png */; };
		91F0142C26D6A05D00240432 /* Icon.png in Resources */ = {isa = PBXBuildFile; fileRef = 91F013EF26D6A05C00240432 /* Icon.png */; };
		91F0142D26D6A05D00240432 /* Style.css in Resources */ = {isa = PBXBuildFile; fileRef = 91F013F026D6A05C00240432 /* Style.css */; };
		91F0142E26D6A05D00240432 /* Style.css in Resources */ = {isa = PBXBuildFile; fileRef = 91F013F026D6A05C00240432 /* Style.css */; };
		91F0142F26D6A05D00240432 /* Script.js in Resources */ = {isa = PBXBuildFile; fileRef = 91F013F126D6A05C00240432 /* Script.js */; };
		91F0143026D6A05D00240432 /* Script.js in Resources */ = {isa = PBXBuildFile; fileRef = 91F013F126D6A05C00240432 /* Script.js */; };
		91F0143126D6A05D00240432 /* ViewController.swift in Sources */ = {isa = PBXBuildFile; fileRef = 91F013F226D6A05C00240432 /* ViewController.swift */; };
		91F0143226D6A05D00240432 /* ViewController.swift in Sources */ = {isa = PBXBuildFile; fileRef = 91F013F226D6A05C00240432 /* ViewController.swift */; };
		91F0143326D6A05D00240432 /* Assets.xcassets in Resources */ = {isa = PBXBuildFile; fileRef = 91F013F326D6A05C00240432 /* Assets.xcassets */; };
		91F0143426D6A05D00240432 /* Assets.xcassets in Resources */ = {isa = PBXBuildFile; fileRef = 91F013F326D6A05C00240432 /* Assets.xcassets */; };
		91F0143526D6A05D00240432 /* SafariWebExtensionHandler.swift in Sources */ = {isa = PBXBuildFile; fileRef = 91F013F526D6A05C00240432 /* SafariWebExtensionHandler.swift */; };
		91F0143626D6A05D00240432 /* SafariWebExtensionHandler.swift in Sources */ = {isa = PBXBuildFile; fileRef = 91F013F526D6A05C00240432 /* SafariWebExtensionHandler.swift */; };
		91F0145026D6A05D00240432 /* video in Resources */ = {isa = PBXBuildFile; fileRef = 91F0144826D6A05D00240432 /* video */; };
		91F0145126D6A05D00240432 /* favicon.ico in Resources */ = {isa = PBXBuildFile; fileRef = 91F0144926D6A05D00240432 /* favicon.ico */; };
		91F0145226D6A05D00240432 /* js in Resources */ = {isa = PBXBuildFile; fileRef = 91F0144A26D6A05D00240432 /* js */; };
		91F0145326D6A05D00240432 /* img in Resources */ = {isa = PBXBuildFile; fileRef = 91F0144B26D6A05D00240432 /* img */; };
		91F0145426D6A05D00240432 /* site.webmanifest in Resources */ = {isa = PBXBuildFile; fileRef = 91F0144C26D6A05D00240432 /* site.webmanifest */; };
		91F0145526D6A05D00240432 /* manifest.json in Resources */ = {isa = PBXBuildFile; fileRef = 91F0144D26D6A05D00240432 /* manifest.json */; };
		91F0145626D6A05D00240432 /* fonts in Resources */ = {isa = PBXBuildFile; fileRef = 91F0144E26D6A05D00240432 /* fonts */; };
		91F0145726D6A05D00240432 /* browserconfig.xml in Resources */ = {isa = PBXBuildFile; fileRef = 91F0144F26D6A05D00240432 /* browserconfig.xml */; };
		91F0145826D6A05D00240432 /* video in Resources */ = {isa = PBXBuildFile; fileRef = 91F0144826D6A05D00240432 /* video */; };
		91F0145926D6A05D00240432 /* favicon.ico in Resources */ = {isa = PBXBuildFile; fileRef = 91F0144926D6A05D00240432 /* favicon.ico */; };
		91F0145A26D6A05D00240432 /* js in Resources */ = {isa = PBXBuildFile; fileRef = 91F0144A26D6A05D00240432 /* js */; };
		91F0145B26D6A05D00240432 /* img in Resources */ = {isa = PBXBuildFile; fileRef = 91F0144B26D6A05D00240432 /* img */; };
		91F0145C26D6A05D00240432 /* site.webmanifest in Resources */ = {isa = PBXBuildFile; fileRef = 91F0144C26D6A05D00240432 /* site.webmanifest */; };
		91F0145D26D6A05D00240432 /* manifest.json in Resources */ = {isa = PBXBuildFile; fileRef = 91F0144D26D6A05D00240432 /* manifest.json */; };
		91F0145E26D6A05D00240432 /* fonts in Resources */ = {isa = PBXBuildFile; fileRef = 91F0144E26D6A05D00240432 /* fonts */; };
		91F0145F26D6A05D00240432 /* browserconfig.xml in Resources */ = {isa = PBXBuildFile; fileRef = 91F0144F26D6A05D00240432 /* browserconfig.xml */; };
/* End PBXBuildFile section */

/* Begin PBXContainerItemProxy section */
		91F0141B26D6A05C00240432 /* PBXContainerItemProxy */ = {
			isa = PBXContainerItemProxy;
			containerPortal = 91F013E726D6A05C00240432 /* Project object */;
			proxyType = 1;
			remoteGlobalIDString = 91F0141826D6A05C00240432;
			remoteInfo = "DisMoi Extension (iOS)";
		};
		91F0142526D6A05D00240432 /* PBXContainerItemProxy */ = {
			isa = PBXContainerItemProxy;
			containerPortal = 91F013E726D6A05C00240432 /* Project object */;
			proxyType = 1;
			remoteGlobalIDString = 91F0142226D6A05D00240432;
			remoteInfo = "DisMoi Extension (macOS)";
		};
/* End PBXContainerItemProxy section */

/* Begin PBXCopyFilesBuildPhase section */
		91F0143C26D6A05D00240432 /* Embed App Extensions */ = {
			isa = PBXCopyFilesBuildPhase;
			buildActionMask = 2147483647;
			dstPath = "";
			dstSubfolderSpec = 13;
			files = (
				91F0141A26D6A05C00240432 /* DisMoi Extension.appex in Embed App Extensions */,
			);
			name = "Embed App Extensions";
			runOnlyForDeploymentPostprocessing = 0;
		};
		91F0144326D6A05D00240432 /* Embed App Extensions */ = {
			isa = PBXCopyFilesBuildPhase;
			buildActionMask = 2147483647;
			dstPath = "";
			dstSubfolderSpec = 13;
			files = (
				91F0142426D6A05D00240432 /* DisMoi Extension.appex in Embed App Extensions */,
			);
			name = "Embed App Extensions";
			runOnlyForDeploymentPostprocessing = 0;
		};
/* End PBXCopyFilesBuildPhase section */

/* Begin PBXFileReference section */
		91F013EE26D6A05C00240432 /* Base */ = {isa = PBXFileReference; lastKnownFileType = text.html; name = Base; path = ../Base.lproj/Main.html; sourceTree = "<group>"; };
		91F013EF26D6A05C00240432 /* Icon.png */ = {isa = PBXFileReference; lastKnownFileType = image.png; path = Icon.png; sourceTree = "<group>"; };
		91F013F026D6A05C00240432 /* Style.css */ = {isa = PBXFileReference; lastKnownFileType = text.css; path = Style.css; sourceTree = "<group>"; };
		91F013F126D6A05C00240432 /* Script.js */ = {isa = PBXFileReference; lastKnownFileType = sourcecode.javascript; path = Script.js; sourceTree = "<group>"; };
		91F013F226D6A05C00240432 /* ViewController.swift */ = {isa = PBXFileReference; lastKnownFileType = sourcecode.swift; path = ViewController.swift; sourceTree = "<group>"; };
		91F013F326D6A05C00240432 /* Assets.xcassets */ = {isa = PBXFileReference; lastKnownFileType = folder.assetcatalog; path = Assets.xcassets; sourceTree = "<group>"; };
		91F013F526D6A05C00240432 /* SafariWebExtensionHandler.swift */ = {isa = PBXFileReference; lastKnownFileType = sourcecode.swift; path = SafariWebExtensionHandler.swift; sourceTree = "<group>"; };
		91F013FA26D6A05C00240432 /* DisMoi.app */ = {isa = PBXFileReference; explicitFileType = wrapper.application; includeInIndex = 0; path = DisMoi.app; sourceTree = BUILT_PRODUCTS_DIR; };
		91F013FD26D6A05C00240432 /* AppDelegate.swift */ = {isa = PBXFileReference; lastKnownFileType = sourcecode.swift; path = AppDelegate.swift; sourceTree = "<group>"; };
		91F013FF26D6A05C00240432 /* SceneDelegate.swift */ = {isa = PBXFileReference; lastKnownFileType = sourcecode.swift; path = SceneDelegate.swift; sourceTree = "<group>"; };
		91F0140226D6A05C00240432 /* Base */ = {isa = PBXFileReference; lastKnownFileType = file.storyboard; name = Base; path = Base.lproj/LaunchScreen.storyboard; sourceTree = "<group>"; };
		91F0140526D6A05C00240432 /* Base */ = {isa = PBXFileReference; lastKnownFileType = file.storyboard; name = Base; path = Base.lproj/Main.storyboard; sourceTree = "<group>"; };
		91F0140726D6A05C00240432 /* Info.plist */ = {isa = PBXFileReference; lastKnownFileType = text.plist.xml; path = Info.plist; sourceTree = "<group>"; };
		91F0140C26D6A05C00240432 /* DisMoi.app */ = {isa = PBXFileReference; explicitFileType = wrapper.application; includeInIndex = 0; path = DisMoi.app; sourceTree = BUILT_PRODUCTS_DIR; };
		91F0140E26D6A05C00240432 /* AppDelegate.swift */ = {isa = PBXFileReference; lastKnownFileType = sourcecode.swift; path = AppDelegate.swift; sourceTree = "<group>"; };
		91F0141126D6A05C00240432 /* Base */ = {isa = PBXFileReference; lastKnownFileType = file.storyboard; name = Base; path = Base.lproj/Main.storyboard; sourceTree = "<group>"; };
		91F0141326D6A05C00240432 /* Info.plist */ = {isa = PBXFileReference; lastKnownFileType = text.plist.xml; path = Info.plist; sourceTree = "<group>"; };
		91F0141426D6A05C00240432 /* DisMoi.entitlements */ = {isa = PBXFileReference; lastKnownFileType = text.plist.entitlements; path = DisMoi.entitlements; sourceTree = "<group>"; };
		91F0141926D6A05C00240432 /* DisMoi Extension.appex */ = {isa = PBXFileReference; explicitFileType = "wrapper.app-extension"; includeInIndex = 0; path = "DisMoi Extension.appex"; sourceTree = BUILT_PRODUCTS_DIR; };
		91F0141E26D6A05D00240432 /* Info.plist */ = {isa = PBXFileReference; lastKnownFileType = text.plist.xml; path = Info.plist; sourceTree = "<group>"; };
		91F0142326D6A05D00240432 /* DisMoi Extension.appex */ = {isa = PBXFileReference; explicitFileType = "wrapper.app-extension"; includeInIndex = 0; path = "DisMoi Extension.appex"; sourceTree = BUILT_PRODUCTS_DIR; };
		91F0142826D6A05D00240432 /* Info.plist */ = {isa = PBXFileReference; lastKnownFileType = text.plist.xml; path = Info.plist; sourceTree = "<group>"; };
		91F0144826D6A05D00240432 /* video */ = {isa = PBXFileReference; lastKnownFileType = folder; name = video; path = Resources/video; sourceTree = "<group>"; };
		91F0144926D6A05D00240432 /* favicon.ico */ = {isa = PBXFileReference; lastKnownFileType = image.ico; name = favicon.ico; path = Resources/favicon.ico; sourceTree = "<group>"; };
		91F0144A26D6A05D00240432 /* js */ = {isa = PBXFileReference; lastKnownFileType = folder; name = js; path = Resources/js; sourceTree = "<group>"; };
		91F0144B26D6A05D00240432 /* img */ = {isa = PBXFileReference; lastKnownFileType = folder; name = img; path = Resources/img; sourceTree = "<group>"; };
		91F0144C26D6A05D00240432 /* site.webmanifest */ = {isa = PBXFileReference; lastKnownFileType = text; name = site.webmanifest; path = Resources/site.webmanifest; sourceTree = "<group>"; };
		91F0144D26D6A05D00240432 /* manifest.json */ = {isa = PBXFileReference; lastKnownFileType = text.json; name = manifest.json; path = Resources/manifest.json; sourceTree = "<group>"; };
		91F0144E26D6A05D00240432 /* fonts */ = {isa = PBXFileReference; lastKnownFileType = folder; name = fonts; path = Resources/fonts; sourceTree = "<group>"; };
		91F0144F26D6A05D00240432 /* browserconfig.xml */ = {isa = PBXFileReference; lastKnownFileType = text.xml; name = browserconfig.xml; path = Resources/browserconfig.xml; sourceTree = "<group>"; };
/* End PBXFileReference section */

/* Begin PBXFrameworksBuildPhase section */
		91F013F726D6A05C00240432 /* Frameworks */ = {
			isa = PBXFrameworksBuildPhase;
			buildActionMask = 2147483647;
			files = (
			);
			runOnlyForDeploymentPostprocessing = 0;
		};
		91F0140926D6A05C00240432 /* Frameworks */ = {
			isa = PBXFrameworksBuildPhase;
			buildActionMask = 2147483647;
			files = (
			);
			runOnlyForDeploymentPostprocessing = 0;
		};
		91F0141626D6A05C00240432 /* Frameworks */ = {
			isa = PBXFrameworksBuildPhase;
			buildActionMask = 2147483647;
			files = (
			);
			runOnlyForDeploymentPostprocessing = 0;
		};
		91F0142026D6A05D00240432 /* Frameworks */ = {
			isa = PBXFrameworksBuildPhase;
			buildActionMask = 2147483647;
			files = (
			);
			runOnlyForDeploymentPostprocessing = 0;
		};
/* End PBXFrameworksBuildPhase section */

/* Begin PBXGroup section */
		91F013E626D6A05C00240432 = {
			isa = PBXGroup;
			children = (
				91F013EB26D6A05C00240432 /* Shared (App) */,
				91F013F426D6A05C00240432 /* Shared (Extension) */,
				91F013FC26D6A05C00240432 /* iOS (App) */,
				91F0140D26D6A05C00240432 /* macOS (App) */,
				91F0141D26D6A05D00240432 /* iOS (Extension) */,
				91F0142726D6A05D00240432 /* macOS (Extension) */,
				91F013FB26D6A05C00240432 /* Products */,
			);
			sourceTree = "<group>";
		};
		91F013EB26D6A05C00240432 /* Shared (App) */ = {
			isa = PBXGroup;
			children = (
				91F013F226D6A05C00240432 /* ViewController.swift */,
				91F013F326D6A05C00240432 /* Assets.xcassets */,
				91F013EC26D6A05C00240432 /* Resources */,
			);
			path = "Shared (App)";
			sourceTree = "<group>";
		};
		91F013EC26D6A05C00240432 /* Resources */ = {
			isa = PBXGroup;
			children = (
				91F013ED26D6A05C00240432 /* Main.html */,
				91F013EF26D6A05C00240432 /* Icon.png */,
				91F013F026D6A05C00240432 /* Style.css */,
				91F013F126D6A05C00240432 /* Script.js */,
			);
			path = Resources;
			sourceTree = "<group>";
		};
		91F013F426D6A05C00240432 /* Shared (Extension) */ = {
			isa = PBXGroup;
			children = (
				91F0144726D6A05D00240432 /* Resources */,
				91F013F526D6A05C00240432 /* SafariWebExtensionHandler.swift */,
			);
			path = "Shared (Extension)";
			sourceTree = "<group>";
		};
		91F013FB26D6A05C00240432 /* Products */ = {
			isa = PBXGroup;
			children = (
				91F013FA26D6A05C00240432 /* DisMoi.app */,
				91F0140C26D6A05C00240432 /* DisMoi.app */,
				91F0141926D6A05C00240432 /* DisMoi Extension.appex */,
				91F0142326D6A05D00240432 /* DisMoi Extension.appex */,
			);
			name = Products;
			sourceTree = "<group>";
		};
		91F013FC26D6A05C00240432 /* iOS (App) */ = {
			isa = PBXGroup;
			children = (
				91F013FD26D6A05C00240432 /* AppDelegate.swift */,
				91F013FF26D6A05C00240432 /* SceneDelegate.swift */,
				91F0140126D6A05C00240432 /* LaunchScreen.storyboard */,
				91F0140426D6A05C00240432 /* Main.storyboard */,
				91F0140726D6A05C00240432 /* Info.plist */,
			);
			path = "iOS (App)";
			sourceTree = "<group>";
		};
		91F0140D26D6A05C00240432 /* macOS (App) */ = {
			isa = PBXGroup;
			children = (
				91F0140E26D6A05C00240432 /* AppDelegate.swift */,
				91F0141026D6A05C00240432 /* Main.storyboard */,
				91F0141326D6A05C00240432 /* Info.plist */,
				91F0141426D6A05C00240432 /* DisMoi.entitlements */,
			);
			path = "macOS (App)";
			sourceTree = "<group>";
		};
		91F0141D26D6A05D00240432 /* iOS (Extension) */ = {
			isa = PBXGroup;
			children = (
				91F0141E26D6A05D00240432 /* Info.plist */,
			);
			path = "iOS (Extension)";
			sourceTree = "<group>";
		};
		91F0142726D6A05D00240432 /* macOS (Extension) */ = {
			isa = PBXGroup;
			children = (
				91F0142826D6A05D00240432 /* Info.plist */,
			);
			path = "macOS (Extension)";
			sourceTree = "<group>";
		};
		91F0144726D6A05D00240432 /* Resources */ = {
			isa = PBXGroup;
			children = (
				91F0144826D6A05D00240432 /* video */,
				91F0144926D6A05D00240432 /* favicon.ico */,
				91F0144A26D6A05D00240432 /* js */,
				91F0144B26D6A05D00240432 /* img */,
				91F0144C26D6A05D00240432 /* site.webmanifest */,
				91F0144D26D6A05D00240432 /* manifest.json */,
				91F0144E26D6A05D00240432 /* fonts */,
				91F0144F26D6A05D00240432 /* browserconfig.xml */,
			);
			name = Resources;
			path = "Shared (Extension)";
			sourceTree = SOURCE_ROOT;
		};
/* End PBXGroup section */

/* Begin PBXNativeTarget section */
		91F013F926D6A05C00240432 /* DisMoi (iOS) */ = {
			isa = PBXNativeTarget;
			buildConfigurationList = 91F0143D26D6A05D00240432 /* Build configuration list for PBXNativeTarget "DisMoi (iOS)" */;
			buildPhases = (
				91F013F626D6A05C00240432 /* Sources */,
				91F013F726D6A05C00240432 /* Frameworks */,
				91F013F826D6A05C00240432 /* Resources */,
				91F0143C26D6A05D00240432 /* Embed App Extensions */,
			);
			buildRules = (
			);
			dependencies = (
				91F0141C26D6A05C00240432 /* PBXTargetDependency */,
			);
			name = "DisMoi (iOS)";
			productName = "DisMoi (iOS)";
			productReference = 91F013FA26D6A05C00240432 /* DisMoi.app */;
			productType = "com.apple.product-type.application";
		};
		91F0140B26D6A05C00240432 /* DisMoi (macOS) */ = {
			isa = PBXNativeTarget;
			buildConfigurationList = 91F0144426D6A05D00240432 /* Build configuration list for PBXNativeTarget "DisMoi (macOS)" */;
			buildPhases = (
				91F0140826D6A05C00240432 /* Sources */,
				91F0140926D6A05C00240432 /* Frameworks */,
				91F0140A26D6A05C00240432 /* Resources */,
				91F0144326D6A05D00240432 /* Embed App Extensions */,
			);
			buildRules = (
			);
			dependencies = (
				91F0142626D6A05D00240432 /* PBXTargetDependency */,
			);
			name = "DisMoi (macOS)";
			productName = "DisMoi (macOS)";
			productReference = 91F0140C26D6A05C00240432 /* DisMoi.app */;
			productType = "com.apple.product-type.application";
		};
		91F0141826D6A05C00240432 /* DisMoi Extension (iOS) */ = {
			isa = PBXNativeTarget;
			buildConfigurationList = 91F0143926D6A05D00240432 /* Build configuration list for PBXNativeTarget "DisMoi Extension (iOS)" */;
			buildPhases = (
				91F0141526D6A05C00240432 /* Sources */,
				91F0141626D6A05C00240432 /* Frameworks */,
				91F0141726D6A05C00240432 /* Resources */,
			);
			buildRules = (
			);
			dependencies = (
			);
			name = "DisMoi Extension (iOS)";
			productName = "DisMoi Extension (iOS)";
			productReference = 91F0141926D6A05C00240432 /* DisMoi Extension.appex */;
			productType = "com.apple.product-type.app-extension";
		};
		91F0142226D6A05D00240432 /* DisMoi Extension (macOS) */ = {
			isa = PBXNativeTarget;
			buildConfigurationList = 91F0144026D6A05D00240432 /* Build configuration list for PBXNativeTarget "DisMoi Extension (macOS)" */;
			buildPhases = (
				91F0141F26D6A05D00240432 /* Sources */,
				91F0142026D6A05D00240432 /* Frameworks */,
				91F0142126D6A05D00240432 /* Resources */,
			);
			buildRules = (
			);
			dependencies = (
			);
			name = "DisMoi Extension (macOS)";
			productName = "DisMoi Extension (macOS)";
			productReference = 91F0142326D6A05D00240432 /* DisMoi Extension.appex */;
			productType = "com.apple.product-type.app-extension";
		};
/* End PBXNativeTarget section */

/* Begin PBXProject section */
		91F013E726D6A05C00240432 /* Project object */ = {
			isa = PBXProject;
			attributes = {
				BuildIndependentTargetsInParallel = 1;
				LastSwiftUpdateCheck = 1300;
				LastUpgradeCheck = 1300;
				TargetAttributes = {
					91F013F926D6A05C00240432 = {
						CreatedOnToolsVersion = 13.0;
					};
					91F0140B26D6A05C00240432 = {
						CreatedOnToolsVersion = 13.0;
					};
					91F0141826D6A05C00240432 = {
						CreatedOnToolsVersion = 13.0;
					};
					91F0142226D6A05D00240432 = {
						CreatedOnToolsVersion = 13.0;
					};
				};
			};
			buildConfigurationList = 91F013EA26D6A05C00240432 /* Build configuration list for PBXProject "DisMoi" */;
			compatibilityVersion = "Xcode 13.0";
			developmentRegion = en;
			hasScannedForEncodings = 0;
			knownRegions = (
				en,
				Base,
			);
			mainGroup = 91F013E626D6A05C00240432;
			productRefGroup = 91F013FB26D6A05C00240432 /* Products */;
			projectDirPath = "";
			projectRoot = "";
			targets = (
				91F013F926D6A05C00240432 /* DisMoi (iOS) */,
				91F0140B26D6A05C00240432 /* DisMoi (macOS) */,
				91F0141826D6A05C00240432 /* DisMoi Extension (iOS) */,
				91F0142226D6A05D00240432 /* DisMoi Extension (macOS) */,
			);
		};
/* End PBXProject section */

/* Begin PBXResourcesBuildPhase section */
		91F013F826D6A05C00240432 /* Resources */ = {
			isa = PBXResourcesBuildPhase;
			buildActionMask = 2147483647;
			files = (
				91F0142B26D6A05D00240432 /* Icon.png in Resources */,
				91F0140326D6A05C00240432 /* LaunchScreen.storyboard in Resources */,
				91F0142926D6A05D00240432 /* Main.html in Resources */,
				91F0142F26D6A05D00240432 /* Script.js in Resources */,
				91F0143326D6A05D00240432 /* Assets.xcassets in Resources */,
				91F0140626D6A05C00240432 /* Main.storyboard in Resources */,
				91F0142D26D6A05D00240432 /* Style.css in Resources */,
			);
			runOnlyForDeploymentPostprocessing = 0;
		};
		91F0140A26D6A05C00240432 /* Resources */ = {
			isa = PBXResourcesBuildPhase;
			buildActionMask = 2147483647;
			files = (
				91F0142C26D6A05D00240432 /* Icon.png in Resources */,
				91F0142E26D6A05D00240432 /* Style.css in Resources */,
				91F0141226D6A05C00240432 /* Main.storyboard in Resources */,
				91F0143026D6A05D00240432 /* Script.js in Resources */,
				91F0143426D6A05D00240432 /* Assets.xcassets in Resources */,
				91F0142A26D6A05D00240432 /* Main.html in Resources */,
			);
			runOnlyForDeploymentPostprocessing = 0;
		};
		91F0141726D6A05C00240432 /* Resources */ = {
			isa = PBXResourcesBuildPhase;
			buildActionMask = 2147483647;
			files = (
				91F0145B26D6A05D00240432 /* img in Resources */,
				91F0145926D6A05D00240432 /* favicon.ico in Resources */,
				91F0145F26D6A05D00240432 /* browserconfig.xml in Resources */,
				91F0145A26D6A05D00240432 /* js in Resources */,
				91F0145E26D6A05D00240432 /* fonts in Resources */,
				91F0145C26D6A05D00240432 /* site.webmanifest in Resources */,
				91F0145D26D6A05D00240432 /* manifest.json in Resources */,
				91F0145826D6A05D00240432 /* video in Resources */,
			);
			runOnlyForDeploymentPostprocessing = 0;
		};
		91F0142126D6A05D00240432 /* Resources */ = {
			isa = PBXResourcesBuildPhase;
			buildActionMask = 2147483647;
			files = (
				91F0145326D6A05D00240432 /* img in Resources */,
				91F0145126D6A05D00240432 /* favicon.ico in Resources */,
				91F0145726D6A05D00240432 /* browserconfig.xml in Resources */,
				91F0145226D6A05D00240432 /* js in Resources */,
				91F0145626D6A05D00240432 /* fonts in Resources */,
				91F0145426D6A05D00240432 /* site.webmanifest in Resources */,
				91F0145526D6A05D00240432 /* manifest.json in Resources */,
				91F0145026D6A05D00240432 /* video in Resources */,
			);
			runOnlyForDeploymentPostprocessing = 0;
		};
/* End PBXResourcesBuildPhase section */

/* Begin PBXSourcesBuildPhase section */
		91F013F626D6A05C00240432 /* Sources */ = {
			isa = PBXSourcesBuildPhase;
			buildActionMask = 2147483647;
			files = (
				91F0143126D6A05D00240432 /* ViewController.swift in Sources */,
				91F013FE26D6A05C00240432 /* AppDelegate.swift in Sources */,
				91F0140026D6A05C00240432 /* SceneDelegate.swift in Sources */,
			);
			runOnlyForDeploymentPostprocessing = 0;
		};
		91F0140826D6A05C00240432 /* Sources */ = {
			isa = PBXSourcesBuildPhase;
			buildActionMask = 2147483647;
			files = (
				91F0143226D6A05D00240432 /* ViewController.swift in Sources */,
				91F0140F26D6A05C00240432 /* AppDelegate.swift in Sources */,
			);
			runOnlyForDeploymentPostprocessing = 0;
		};
		91F0141526D6A05C00240432 /* Sources */ = {
			isa = PBXSourcesBuildPhase;
			buildActionMask = 2147483647;
			files = (
				91F0143526D6A05D00240432 /* SafariWebExtensionHandler.swift in Sources */,
			);
			runOnlyForDeploymentPostprocessing = 0;
		};
		91F0141F26D6A05D00240432 /* Sources */ = {
			isa = PBXSourcesBuildPhase;
			buildActionMask = 2147483647;
			files = (
				91F0143626D6A05D00240432 /* SafariWebExtensionHandler.swift in Sources */,
			);
			runOnlyForDeploymentPostprocessing = 0;
		};
/* End PBXSourcesBuildPhase section */

/* Begin PBXTargetDependency section */
		91F0141C26D6A05C00240432 /* PBXTargetDependency */ = {
			isa = PBXTargetDependency;
			target = 91F0141826D6A05C00240432 /* DisMoi Extension (iOS) */;
			targetProxy = 91F0141B26D6A05C00240432 /* PBXContainerItemProxy */;
		};
		91F0142626D6A05D00240432 /* PBXTargetDependency */ = {
			isa = PBXTargetDependency;
			target = 91F0142226D6A05D00240432 /* DisMoi Extension (macOS) */;
			targetProxy = 91F0142526D6A05D00240432 /* PBXContainerItemProxy */;
		};
/* End PBXTargetDependency section */

/* Begin PBXVariantGroup section */
		91F013ED26D6A05C00240432 /* Main.html */ = {
			isa = PBXVariantGroup;
			children = (
				91F013EE26D6A05C00240432 /* Base */,
			);
			name = Main.html;
			sourceTree = "<group>";
		};
		91F0140126D6A05C00240432 /* LaunchScreen.storyboard */ = {
			isa = PBXVariantGroup;
			children = (
				91F0140226D6A05C00240432 /* Base */,
			);
			name = LaunchScreen.storyboard;
			sourceTree = "<group>";
		};
		91F0140426D6A05C00240432 /* Main.storyboard */ = {
			isa = PBXVariantGroup;
			children = (
				91F0140526D6A05C00240432 /* Base */,
			);
			name = Main.storyboard;
			sourceTree = "<group>";
		};
		91F0141026D6A05C00240432 /* Main.storyboard */ = {
			isa = PBXVariantGroup;
			children = (
				91F0141126D6A05C00240432 /* Base */,
			);
			name = Main.storyboard;
			sourceTree = "<group>";
		};
/* End PBXVariantGroup section */

/* Begin XCBuildConfiguration section */
		91F0143726D6A05D00240432 /* Debug */ = {
			isa = XCBuildConfiguration;
			buildSettings = {
				ALWAYS_SEARCH_USER_PATHS = NO;
				CLANG_ANALYZER_NONNULL = YES;
				CLANG_ANALYZER_NUMBER_OBJECT_CONVERSION = YES_AGGRESSIVE;
				CLANG_CXX_LANGUAGE_STANDARD = "gnu++17";
				CLANG_CXX_LIBRARY = "libc++";
				CLANG_ENABLE_MODULES = YES;
				CLANG_ENABLE_OBJC_ARC = YES;
				CLANG_ENABLE_OBJC_WEAK = YES;
				CLANG_WARN_BLOCK_CAPTURE_AUTORELEASING = YES;
				CLANG_WARN_BOOL_CONVERSION = YES;
				CLANG_WARN_COMMA = YES;
				CLANG_WARN_CONSTANT_CONVERSION = YES;
				CLANG_WARN_DEPRECATED_OBJC_IMPLEMENTATIONS = YES;
				CLANG_WARN_DIRECT_OBJC_ISA_USAGE = YES_ERROR;
				CLANG_WARN_DOCUMENTATION_COMMENTS = YES;
				CLANG_WARN_EMPTY_BODY = YES;
				CLANG_WARN_ENUM_CONVERSION = YES;
				CLANG_WARN_INFINITE_RECURSION = YES;
				CLANG_WARN_INT_CONVERSION = YES;
				CLANG_WARN_NON_LITERAL_NULL_CONVERSION = YES;
				CLANG_WARN_OBJC_IMPLICIT_RETAIN_SELF = YES;
				CLANG_WARN_OBJC_LITERAL_CONVERSION = YES;
				CLANG_WARN_OBJC_ROOT_CLASS = YES_ERROR;
				CLANG_WARN_QUOTED_INCLUDE_IN_FRAMEWORK_HEADER = YES;
				CLANG_WARN_RANGE_LOOP_ANALYSIS = YES;
				CLANG_WARN_STRICT_PROTOTYPES = YES;
				CLANG_WARN_SUSPICIOUS_MOVE = YES;
				CLANG_WARN_UNGUARDED_AVAILABILITY = YES_AGGRESSIVE;
				CLANG_WARN_UNREACHABLE_CODE = YES;
				CLANG_WARN__DUPLICATE_METHOD_MATCH = YES;
				COPY_PHASE_STRIP = NO;
				DEBUG_INFORMATION_FORMAT = dwarf;
				ENABLE_STRICT_OBJC_MSGSEND = YES;
				ENABLE_TESTABILITY = YES;
				GCC_C_LANGUAGE_STANDARD = gnu11;
				GCC_DYNAMIC_NO_PIC = NO;
				GCC_NO_COMMON_BLOCKS = YES;
				GCC_OPTIMIZATION_LEVEL = 0;
				GCC_PREPROCESSOR_DEFINITIONS = (
					"DEBUG=1",
					"$(inherited)",
				);
				GCC_WARN_64_TO_32_BIT_CONVERSION = YES;
				GCC_WARN_ABOUT_RETURN_TYPE = YES_ERROR;
				GCC_WARN_UNDECLARED_SELECTOR = YES;
				GCC_WARN_UNINITIALIZED_AUTOS = YES_AGGRESSIVE;
				GCC_WARN_UNUSED_FUNCTION = YES;
				GCC_WARN_UNUSED_VARIABLE = YES;
				MTL_ENABLE_DEBUG_INFO = INCLUDE_SOURCE;
				MTL_FAST_MATH = YES;
				ONLY_ACTIVE_ARCH = YES;
				SWIFT_ACTIVE_COMPILATION_CONDITIONS = DEBUG;
				SWIFT_OPTIMIZATION_LEVEL = "-Onone";
			};
			name = Debug;
		};
		91F0143826D6A05D00240432 /* Release */ = {
			isa = XCBuildConfiguration;
			buildSettings = {
				ALWAYS_SEARCH_USER_PATHS = NO;
				CLANG_ANALYZER_NONNULL = YES;
				CLANG_ANALYZER_NUMBER_OBJECT_CONVERSION = YES_AGGRESSIVE;
				CLANG_CXX_LANGUAGE_STANDARD = "gnu++17";
				CLANG_CXX_LIBRARY = "libc++";
				CLANG_ENABLE_MODULES = YES;
				CLANG_ENABLE_OBJC_ARC = YES;
				CLANG_ENABLE_OBJC_WEAK = YES;
				CLANG_WARN_BLOCK_CAPTURE_AUTORELEASING = YES;
				CLANG_WARN_BOOL_CONVERSION = YES;
				CLANG_WARN_COMMA = YES;
				CLANG_WARN_CONSTANT_CONVERSION = YES;
				CLANG_WARN_DEPRECATED_OBJC_IMPLEMENTATIONS = YES;
				CLANG_WARN_DIRECT_OBJC_ISA_USAGE = YES_ERROR;
				CLANG_WARN_DOCUMENTATION_COMMENTS = YES;
				CLANG_WARN_EMPTY_BODY = YES;
				CLANG_WARN_ENUM_CONVERSION = YES;
				CLANG_WARN_INFINITE_RECURSION = YES;
				CLANG_WARN_INT_CONVERSION = YES;
				CLANG_WARN_NON_LITERAL_NULL_CONVERSION = YES;
				CLANG_WARN_OBJC_IMPLICIT_RETAIN_SELF = YES;
				CLANG_WARN_OBJC_LITERAL_CONVERSION = YES;
				CLANG_WARN_OBJC_ROOT_CLASS = YES_ERROR;
				CLANG_WARN_QUOTED_INCLUDE_IN_FRAMEWORK_HEADER = YES;
				CLANG_WARN_RANGE_LOOP_ANALYSIS = YES;
				CLANG_WARN_STRICT_PROTOTYPES = YES;
				CLANG_WARN_SUSPICIOUS_MOVE = YES;
				CLANG_WARN_UNGUARDED_AVAILABILITY = YES_AGGRESSIVE;
				CLANG_WARN_UNREACHABLE_CODE = YES;
				CLANG_WARN__DUPLICATE_METHOD_MATCH = YES;
				COPY_PHASE_STRIP = NO;
				DEBUG_INFORMATION_FORMAT = "dwarf-with-dsym";
				ENABLE_NS_ASSERTIONS = NO;
				ENABLE_STRICT_OBJC_MSGSEND = YES;
				GCC_C_LANGUAGE_STANDARD = gnu11;
				GCC_NO_COMMON_BLOCKS = YES;
				GCC_WARN_64_TO_32_BIT_CONVERSION = YES;
				GCC_WARN_ABOUT_RETURN_TYPE = YES_ERROR;
				GCC_WARN_UNDECLARED_SELECTOR = YES;
				GCC_WARN_UNINITIALIZED_AUTOS = YES_AGGRESSIVE;
				GCC_WARN_UNUSED_FUNCTION = YES;
				GCC_WARN_UNUSED_VARIABLE = YES;
				MTL_ENABLE_DEBUG_INFO = NO;
				MTL_FAST_MATH = YES;
				SWIFT_COMPILATION_MODE = wholemodule;
				SWIFT_OPTIMIZATION_LEVEL = "-O";
			};
			name = Release;
		};
		91F0143A26D6A05D00240432 /* Debug */ = {
			isa = XCBuildConfiguration;
			buildSettings = {
				CODE_SIGN_STYLE = Automatic;
				CURRENT_PROJECT_VERSION = 1;
				GENERATE_INFOPLIST_FILE = YES;
				INFOPLIST_FILE = "iOS (Extension)/Info.plist";
				INFOPLIST_KEY_CFBundleDisplayName = "DisMoi Extension";
				INFOPLIST_KEY_NSHumanReadableCopyright = "";
				IPHONEOS_DEPLOYMENT_TARGET = 15.0;
				LD_RUNPATH_SEARCH_PATHS = (
					"$(inherited)",
					"@executable_path/Frameworks",
					"@executable_path/../../Frameworks",
				);
				MARKETING_VERSION = 1.0;
				OTHER_LDFLAGS = (
					"-framework",
					SafariServices,
				);
				PRODUCT_BUNDLE_IDENTIFIER = io.dismoi.DisMoi.Extension;
				PRODUCT_NAME = "DisMoi Extension";
				SDKROOT = iphoneos;
				SKIP_INSTALL = YES;
				SWIFT_EMIT_LOC_STRINGS = YES;
				SWIFT_VERSION = 5.0;
				TARGETED_DEVICE_FAMILY = "1,2";
			};
			name = Debug;
		};
		91F0143B26D6A05D00240432 /* Release */ = {
			isa = XCBuildConfiguration;
			buildSettings = {
				CODE_SIGN_STYLE = Automatic;
				CURRENT_PROJECT_VERSION = 1;
				GENERATE_INFOPLIST_FILE = YES;
				INFOPLIST_FILE = "iOS (Extension)/Info.plist";
				INFOPLIST_KEY_CFBundleDisplayName = "DisMoi Extension";
				INFOPLIST_KEY_NSHumanReadableCopyright = "";
				IPHONEOS_DEPLOYMENT_TARGET = 15.0;
				LD_RUNPATH_SEARCH_PATHS = (
					"$(inherited)",
					"@executable_path/Frameworks",
					"@executable_path/../../Frameworks",
				);
				MARKETING_VERSION = 1.0;
				OTHER_LDFLAGS = (
					"-framework",
					SafariServices,
				);
				PRODUCT_BUNDLE_IDENTIFIER = io.dismoi.DisMoi.Extension;
				PRODUCT_NAME = "DisMoi Extension";
				SDKROOT = iphoneos;
				SKIP_INSTALL = YES;
				SWIFT_EMIT_LOC_STRINGS = YES;
				SWIFT_VERSION = 5.0;
				TARGETED_DEVICE_FAMILY = "1,2";
				VALIDATE_PRODUCT = YES;
			};
			name = Release;
		};
		91F0143E26D6A05D00240432 /* Debug */ = {
			isa = XCBuildConfiguration;
			buildSettings = {
				ALWAYS_EMBED_SWIFT_STANDARD_LIBRARIES = YES;
				ASSETCATALOG_COMPILER_APPICON_NAME = AppIcon;
				ASSETCATALOG_COMPILER_GLOBAL_ACCENT_COLOR_NAME = AccentColor;
				CODE_SIGN_STYLE = Automatic;
				CURRENT_PROJECT_VERSION = 1;
				GENERATE_INFOPLIST_FILE = YES;
				INFOPLIST_FILE = "iOS (App)/Info.plist";
				INFOPLIST_KEY_CFBundleDisplayName = DisMoi;
				INFOPLIST_KEY_UIApplicationSupportsIndirectInputEvents = YES;
				INFOPLIST_KEY_UILaunchStoryboardName = LaunchScreen;
				INFOPLIST_KEY_UIMainStoryboardFile = Main;
				INFOPLIST_KEY_UISupportedInterfaceOrientations = "UIInterfaceOrientationPortrait UIInterfaceOrientationLandscapeLeft UIInterfaceOrientationLandscapeRight";
				INFOPLIST_KEY_UISupportedInterfaceOrientations_iPad = "UIInterfaceOrientationPortrait UIInterfaceOrientationPortraitUpsideDown UIInterfaceOrientationLandscapeLeft UIInterfaceOrientationLandscapeRight";
				IPHONEOS_DEPLOYMENT_TARGET = 15.0;
				LD_RUNPATH_SEARCH_PATHS = (
					"$(inherited)",
					"@executable_path/Frameworks",
				);
				MARKETING_VERSION = 1.0;
				OTHER_LDFLAGS = (
					"-framework",
					SafariServices,
					"-framework",
					WebKit,
				);
				PRODUCT_BUNDLE_IDENTIFIER = io.dismoi.DisMoi;
				PRODUCT_NAME = DisMoi;
				SDKROOT = iphoneos;
				SWIFT_EMIT_LOC_STRINGS = YES;
				SWIFT_VERSION = 5.0;
				TARGETED_DEVICE_FAMILY = "1,2";
			};
			name = Debug;
		};
		91F0143F26D6A05D00240432 /* Release */ = {
			isa = XCBuildConfiguration;
			buildSettings = {
				ALWAYS_EMBED_SWIFT_STANDARD_LIBRARIES = YES;
				ASSETCATALOG_COMPILER_APPICON_NAME = AppIcon;
				ASSETCATALOG_COMPILER_GLOBAL_ACCENT_COLOR_NAME = AccentColor;
				CODE_SIGN_STYLE = Automatic;
				CURRENT_PROJECT_VERSION = 1;
				GENERATE_INFOPLIST_FILE = YES;
				INFOPLIST_FILE = "iOS (App)/Info.plist";
				INFOPLIST_KEY_CFBundleDisplayName = DisMoi;
				INFOPLIST_KEY_UIApplicationSupportsIndirectInputEvents = YES;
				INFOPLIST_KEY_UILaunchStoryboardName = LaunchScreen;
				INFOPLIST_KEY_UIMainStoryboardFile = Main;
				INFOPLIST_KEY_UISupportedInterfaceOrientations = "UIInterfaceOrientationPortrait UIInterfaceOrientationLandscapeLeft UIInterfaceOrientationLandscapeRight";
				INFOPLIST_KEY_UISupportedInterfaceOrientations_iPad = "UIInterfaceOrientationPortrait UIInterfaceOrientationPortraitUpsideDown UIInterfaceOrientationLandscapeLeft UIInterfaceOrientationLandscapeRight";
				IPHONEOS_DEPLOYMENT_TARGET = 15.0;
				LD_RUNPATH_SEARCH_PATHS = (
					"$(inherited)",
					"@executable_path/Frameworks",
				);
				MARKETING_VERSION = 1.0;
				OTHER_LDFLAGS = (
					"-framework",
					SafariServices,
					"-framework",
					WebKit,
				);
				PRODUCT_BUNDLE_IDENTIFIER = io.dismoi.DisMoi;
				PRODUCT_NAME = DisMoi;
				SDKROOT = iphoneos;
				SWIFT_EMIT_LOC_STRINGS = YES;
				SWIFT_VERSION = 5.0;
				TARGETED_DEVICE_FAMILY = "1,2";
				VALIDATE_PRODUCT = YES;
			};
			name = Release;
		};
		91F0144126D6A05D00240432 /* Debug */ = {
			isa = XCBuildConfiguration;
			buildSettings = {
				CODE_SIGN_STYLE = Automatic;
				CURRENT_PROJECT_VERSION = 1;
				ENABLE_APP_SANDBOX = YES;
				ENABLE_HARDENED_RUNTIME = YES;
				ENABLE_USER_SELECTED_FILES = readonly;
				GENERATE_INFOPLIST_FILE = YES;
				INFOPLIST_FILE = "macOS (Extension)/Info.plist";
				INFOPLIST_KEY_CFBundleDisplayName = "DisMoi Extension";
				INFOPLIST_KEY_NSHumanReadableCopyright = "";
				LD_RUNPATH_SEARCH_PATHS = (
					"$(inherited)",
					"@executable_path/../Frameworks",
					"@executable_path/../../../../Frameworks",
				);
				MACOSX_DEPLOYMENT_TARGET = 10.14;
				MARKETING_VERSION = 1.0;
				OTHER_LDFLAGS = (
					"-framework",
					SafariServices,
				);
				PRODUCT_BUNDLE_IDENTIFIER = io.dismoi.DisMoi.Extension;
				PRODUCT_NAME = "DisMoi Extension";
				SDKROOT = macosx;
				SKIP_INSTALL = YES;
				SWIFT_EMIT_LOC_STRINGS = YES;
				SWIFT_VERSION = 5.0;
			};
			name = Debug;
		};
		91F0144226D6A05D00240432 /* Release */ = {
			isa = XCBuildConfiguration;
			buildSettings = {
				CODE_SIGN_STYLE = Automatic;
				CURRENT_PROJECT_VERSION = 1;
				ENABLE_APP_SANDBOX = YES;
				ENABLE_HARDENED_RUNTIME = YES;
				ENABLE_USER_SELECTED_FILES = readonly;
				GENERATE_INFOPLIST_FILE = YES;
				INFOPLIST_FILE = "macOS (Extension)/Info.plist";
				INFOPLIST_KEY_CFBundleDisplayName = "DisMoi Extension";
				INFOPLIST_KEY_NSHumanReadableCopyright = "";
				LD_RUNPATH_SEARCH_PATHS = (
					"$(inherited)",
					"@executable_path/../Frameworks",
					"@executable_path/../../../../Frameworks",
				);
				MACOSX_DEPLOYMENT_TARGET = 10.14;
				MARKETING_VERSION = 1.0;
				OTHER_LDFLAGS = (
					"-framework",
					SafariServices,
				);
				PRODUCT_BUNDLE_IDENTIFIER = io.dismoi.DisMoi.Extension;
				PRODUCT_NAME = "DisMoi Extension";
				SDKROOT = macosx;
				SKIP_INSTALL = YES;
				SWIFT_EMIT_LOC_STRINGS = YES;
				SWIFT_VERSION = 5.0;
			};
			name = Release;
		};
		91F0144526D6A05D00240432 /* Debug */ = {
			isa = XCBuildConfiguration;
			buildSettings = {
				ALWAYS_EMBED_SWIFT_STANDARD_LIBRARIES = YES;
				ASSETCATALOG_COMPILER_APPICON_NAME = AppIcon;
				ASSETCATALOG_COMPILER_GLOBAL_ACCENT_COLOR_NAME = AccentColor;
				CODE_SIGN_ENTITLEMENTS = "macOS (App)/DisMoi.entitlements";
				CODE_SIGN_STYLE = Automatic;
				CURRENT_PROJECT_VERSION = 1;
				ENABLE_APP_SANDBOX = YES;
				ENABLE_HARDENED_RUNTIME = YES;
				ENABLE_USER_SELECTED_FILES = readonly;
				GENERATE_INFOPLIST_FILE = YES;
				INFOPLIST_FILE = "macOS (App)/Info.plist";
				INFOPLIST_KEY_CFBundleDisplayName = DisMoi;
				INFOPLIST_KEY_NSMainStoryboardFile = Main;
				INFOPLIST_KEY_NSPrincipalClass = NSApplication;
				LD_RUNPATH_SEARCH_PATHS = (
					"$(inherited)",
					"@executable_path/../Frameworks",
				);
				MACOSX_DEPLOYMENT_TARGET = 10.14;
				MARKETING_VERSION = 1.0;
				OTHER_LDFLAGS = (
					"-framework",
					SafariServices,
					"-framework",
					WebKit,
				);
				PRODUCT_BUNDLE_IDENTIFIER = io.dismoi.DisMoi;
				PRODUCT_NAME = DisMoi;
				SDKROOT = macosx;
				SWIFT_EMIT_LOC_STRINGS = YES;
				SWIFT_VERSION = 5.0;
			};
			name = Debug;
		};
		91F0144626D6A05D00240432 /* Release */ = {
			isa = XCBuildConfiguration;
			buildSettings = {
				ALWAYS_EMBED_SWIFT_STANDARD_LIBRARIES = YES;
				ASSETCATALOG_COMPILER_APPICON_NAME = AppIcon;
				ASSETCATALOG_COMPILER_GLOBAL_ACCENT_COLOR_NAME = AccentColor;
				CODE_SIGN_ENTITLEMENTS = "macOS (App)/DisMoi.entitlements";
				CODE_SIGN_STYLE = Automatic;
				CURRENT_PROJECT_VERSION = 1;
				ENABLE_APP_SANDBOX = YES;
				ENABLE_HARDENED_RUNTIME = YES;
				ENABLE_USER_SELECTED_FILES = readonly;
				GENERATE_INFOPLIST_FILE = YES;
				INFOPLIST_FILE = "macOS (App)/Info.plist";
				INFOPLIST_KEY_CFBundleDisplayName = DisMoi;
				INFOPLIST_KEY_NSMainStoryboardFile = Main;
				INFOPLIST_KEY_NSPrincipalClass = NSApplication;
				LD_RUNPATH_SEARCH_PATHS = (
					"$(inherited)",
					"@executable_path/../Frameworks",
				);
				MACOSX_DEPLOYMENT_TARGET = 10.14;
				MARKETING_VERSION = 1.0;
				OTHER_LDFLAGS = (
					"-framework",
					SafariServices,
					"-framework",
					WebKit,
				);
				PRODUCT_BUNDLE_IDENTIFIER = io.dismoi.DisMoi;
				PRODUCT_NAME = DisMoi;
				SDKROOT = macosx;
				SWIFT_EMIT_LOC_STRINGS = YES;
				SWIFT_VERSION = 5.0;
			};
			name = Release;
		};
/* End XCBuildConfiguration section */

/* Begin XCConfigurationList section */
		91F013EA26D6A05C00240432 /* Build configuration list for PBXProject "DisMoi" */ = {
			isa = XCConfigurationList;
			buildConfigurations = (
				91F0143726D6A05D00240432 /* Debug */,
				91F0143826D6A05D00240432 /* Release */,
			);
			defaultConfigurationIsVisible = 0;
			defaultConfigurationName = Release;
		};
		91F0143926D6A05D00240432 /* Build configuration list for PBXNativeTarget "DisMoi Extension (iOS)" */ = {
			isa = XCConfigurationList;
			buildConfigurations = (
				91F0143A26D6A05D00240432 /* Debug */,
				91F0143B26D6A05D00240432 /* Release */,
			);
			defaultConfigurationIsVisible = 0;
			defaultConfigurationName = Release;
		};
		91F0143D26D6A05D00240432 /* Build configuration list for PBXNativeTarget "DisMoi (iOS)" */ = {
			isa = XCConfigurationList;
			buildConfigurations = (
				91F0143E26D6A05D00240432 /* Debug */,
				91F0143F26D6A05D00240432 /* Release */,
			);
			defaultConfigurationIsVisible = 0;
			defaultConfigurationName = Release;
		};
		91F0144026D6A05D00240432 /* Build configuration list for PBXNativeTarget "DisMoi Extension (macOS)" */ = {
			isa = XCConfigurationList;
			buildConfigurations = (
				91F0144126D6A05D00240432 /* Debug */,
				91F0144226D6A05D00240432 /* Release */,
			);
			defaultConfigurationIsVisible = 0;
			defaultConfigurationName = Release;
		};
		91F0144426D6A05D00240432 /* Build configuration list for PBXNativeTarget "DisMoi (macOS)" */ = {
			isa = XCConfigurationList;
			buildConfigurations = (
				91F0144526D6A05D00240432 /* Debug */,
				91F0144626D6A05D00240432 /* Release */,
			);
			defaultConfigurationIsVisible = 0;
			defaultConfigurationName = Release;
		};
/* End XCConfigurationList section */
	};
	rootObject = 91F013E726D6A05C00240432 /* Project object */;
}
